
Microsoft Visual Studio Solution File, Format Version 12.00
# Visual Studio Version 17
VisualStudioVersion = 17.9.34723.18
MinimumVisualStudioVersion = 10.0.40219.1
Project("{FAE04EC0-301F-11D3-BF4B-00C04F79EFBC}") = "HW_8_Tokens", "HW_8_Tokens\HW_8_Tokens.csproj", "{B2571578-0754-41A4-80A7-2732592005AD}"
EndProject
Global
	GlobalSection(SolutionConfigurationPlatforms) = preSolution
		Debug|Any CPU = Debug|Any CPU
		Release|Any CPU = Release|Any CPU
	EndGlobalSection
	GlobalSection(ProjectConfigurationPlatforms) = postSolution
		{B2571578-0754-41A4-80A7-2732592005AD}.Debug|Any CPU.ActiveCfg = Debug|Any CPU
		{B2571578-0754-41A4-80A7-2732592005AD}.Debug|Any CPU.Build.0 = Debug|Any CPU
		{B2571578-0754-41A4-80A7-2732592005AD}.Release|Any CPU.ActiveCfg = Release|Any CPU
		{B2571578-0754-41A4-80A7-2732592005AD}.Release|Any CPU.Build.0 = Release|Any CPU
	EndGlobalSection
	GlobalSection(SolutionProperties) = preSolution
		HideSolutionNode = FALSE
	EndGlobalSection
	GlobalSection(ExtensibilityGlobals) = postSolution
		SolutionGuid = {B5AE9061-1176-4239-8A8F-F60AA23D6CE7}
	EndGlobalSection
EndGlobal
